
Microsoft Visual Studio Solution File, Format Version 12.00
# Visual Studio Version 16
VisualStudioVersion = 16.0.29911.84
MinimumVisualStudioVersion = 10.0.40219.1
Project("{8BC9CEB8-8B4A-11D0-8D11-00A0C91BC942}") = "homework08_02", "homework08_02.vcxproj", "{F2EAC3B4-BB1B-4A6F-B8BC-8DE2857FC42C}"
EndProject
Global
	GlobalSection(SolutionConfigurationPlatforms) = preSolution
		Debug|x64 = Debug|x64
		Debug|x86 = Debug|x86
		Release|x64 = Release|x64
		Release|x86 = Release|x86
	EndGlobalSection
	GlobalSection(ProjectConfigurationPlatforms) = postSolution
		{F2EAC3B4-BB1B-4A6F-B8BC-8DE2857FC42C}.Debug|x64.ActiveCfg = Debug|x64
		{F2EAC3B4-BB1B-4A6F-B8BC-8DE2857FC42C}.Debug|x64.Build.0 = Debug|x64
		{F2EAC3B4-BB1B-4A6F-B8BC-8DE2857FC42C}.Debug|x86.ActiveCfg = Debug|Win32
		{F2EAC3B4-BB1B-4A6F-B8BC-8DE2857FC42C}.Debug|x86.Build.0 = Debug|Win32
		{F2EAC3B4-BB1B-4A6F-B8BC-8DE2857FC42C}.Release|x64.ActiveCfg = Release|x64
		{F2EAC3B4-BB1B-4A6F-B8BC-8DE2857FC42C}.Release|x64.Build.0 = Release|x64
		{F2EAC3B4-BB1B-4A6F-B8BC-8DE2857FC42C}.Release|x86.ActiveCfg = Release|Win32
		{F2EAC3B4-BB1B-4A6F-B8BC-8DE2857FC42C}.Release|x86.Build.0 = Release|Win32
	EndGlobalSection
	GlobalSection(SolutionProperties) = preSolution
		HideSolutionNode = FALSE
	EndGlobalSection
	GlobalSection(ExtensibilityGlobals) = postSolution
		SolutionGuid = {275C403C-4B31-4B97-BA7F-FE01C2FA7769}
	EndGlobalSection
EndGlobal
